
Microsoft Visual Studio Solution File, Format Version 12.00
# Visual Studio Version 17
VisualStudioVersion = 17.8.34330.188
MinimumVisualStudioVersion = 10.0.40219.1
Project("{9A19103F-16F7-4668-BE54-9A1E7A4F7556}") = "Presentation.WebApp", "Presentation.WebApp\Presentation.WebApp.csproj", "{292E49CC-D572-47C1-A197-AC07E984B904}"
EndProject
Project("{9A19103F-16F7-4668-BE54-9A1E7A4F7556}") = "Infrastructure", "Infrastructure\Infrastructure.csproj", "{9202DD2B-E5F4-4385-9058-F5398A4CD09D}"
EndProject
Project("{FAE04EC0-301F-11D3-BF4B-00C04F79EFBC}") = "WebApi", "WebbApi\WebApi.csproj", "{C6152165-9A4F-4FCB-A3F6-5456E7592A0D}"
EndProject
Global
	GlobalSection(SolutionConfigurationPlatforms) = preSolution
		Debug|Any CPU = Debug|Any CPU
		Release|Any CPU = Release|Any CPU
	EndGlobalSection
	GlobalSection(ProjectConfigurationPlatforms) = postSolution
		{292E49CC-D572-47C1-A197-AC07E984B904}.Debug|Any CPU.ActiveCfg = Debug|Any CPU
		{292E49CC-D572-47C1-A197-AC07E984B904}.Debug|Any CPU.Build.0 = Debug|Any CPU
		{292E49CC-D572-47C1-A197-AC07E984B904}.Release|Any CPU.ActiveCfg = Release|Any CPU
		{292E49CC-D572-47C1-A197-AC07E984B904}.Release|Any CPU.Build.0 = Release|Any CPU
		{9202DD2B-E5F4-4385-9058-F5398A4CD09D}.Debug|Any CPU.ActiveCfg = Debug|Any CPU
		{9202DD2B-E5F4-4385-9058-F5398A4CD09D}.Debug|Any CPU.Build.0 = Debug|Any CPU
		{9202DD2B-E5F4-4385-9058-F5398A4CD09D}.Release|Any CPU.ActiveCfg = Release|Any CPU
		{9202DD2B-E5F4-4385-9058-F5398A4CD09D}.Release|Any CPU.Build.0 = Release|Any CPU
		{C6152165-9A4F-4FCB-A3F6-5456E7592A0D}.Debug|Any CPU.ActiveCfg = Debug|Any CPU
		{C6152165-9A4F-4FCB-A3F6-5456E7592A0D}.Debug|Any CPU.Build.0 = Debug|Any CPU
		{C6152165-9A4F-4FCB-A3F6-5456E7592A0D}.Release|Any CPU.ActiveCfg = Release|Any CPU
		{C6152165-9A4F-4FCB-A3F6-5456E7592A0D}.Release|Any CPU.Build.0 = Release|Any CPU
	EndGlobalSection
	GlobalSection(SolutionProperties) = preSolution
		HideSolutionNode = FALSE
	EndGlobalSection
	GlobalSection(ExtensibilityGlobals) = postSolution
		SolutionGuid = {C2D9CA49-315C-4B31-B53B-A18D8AF1D5C6}
	EndGlobalSection
EndGlobal
